
Microsoft Visual Studio Solution File, Format Version 12.00
# Visual Studio Version 17
VisualStudioVersion = 17.0.32112.339
MinimumVisualStudioVersion = 10.0.40219.1
Project("{9A19103F-16F7-4668-BE54-9A1E7A4F7556}") = "August06_Trupti-J", "August06_Trupti-J\August06_Trupti-J.csproj", "{9B437A3D-3C54-456D-9DC7-F99DABE75C16}"
EndProject
Project("{FAE04EC0-301F-11D3-BF4B-00C04F79EFBC}") = "Selenium-Aug-10-truptiJ", "Selenium-Aug-10-truptiJ\Selenium-Aug-10-truptiJ.csproj", "{D2674D47-6B9A-48DA-92AF-B0C40FEE813A}"
EndProject
Global
	GlobalSection(SolutionConfigurationPlatforms) = preSolution
		Debug|Any CPU = Debug|Any CPU
		Release|Any CPU = Release|Any CPU
	EndGlobalSection
	GlobalSection(ProjectConfigurationPlatforms) = postSolution
		{9B437A3D-3C54-456D-9DC7-F99DABE75C16}.Debug|Any CPU.ActiveCfg = Debug|Any CPU
		{9B437A3D-3C54-456D-9DC7-F99DABE75C16}.Debug|Any CPU.Build.0 = Debug|Any CPU
		{9B437A3D-3C54-456D-9DC7-F99DABE75C16}.Release|Any CPU.ActiveCfg = Release|Any CPU
		{9B437A3D-3C54-456D-9DC7-F99DABE75C16}.Release|Any CPU.Build.0 = Release|Any CPU
		{D2674D47-6B9A-48DA-92AF-B0C40FEE813A}.Debug|Any CPU.ActiveCfg = Debug|Any CPU
		{D2674D47-6B9A-48DA-92AF-B0C40FEE813A}.Debug|Any CPU.Build.0 = Debug|Any CPU
		{D2674D47-6B9A-48DA-92AF-B0C40FEE813A}.Release|Any CPU.ActiveCfg = Release|Any CPU
		{D2674D47-6B9A-48DA-92AF-B0C40FEE813A}.Release|Any CPU.Build.0 = Release|Any CPU
	EndGlobalSection
	GlobalSection(SolutionProperties) = preSolution
		HideSolutionNode = FALSE
	EndGlobalSection
	GlobalSection(ExtensibilityGlobals) = postSolution
		SolutionGuid = {7785C508-F9E4-48AD-BC03-AADC1A0ACD8C}
	EndGlobalSection
EndGlobal
